
Microsoft Visual Studio Solution File, Format Version 12.00
# Visual Studio Version 17
VisualStudioVersion = 17.14.36414.22 d17.14
MinimumVisualStudioVersion = 10.0.40219.1
Project("{FAE04EC0-301F-11D3-BF4B-00C04F79EFBC}") = "MSSSStaffFileSystem", "MSSSStaffFileSystem\MSSSStaffFileSystem.csproj", "{606632BC-F17C-49E3-89F1-2CC36524D3DA}"
EndProject
Project("{FAE04EC0-301F-11D3-BF4B-00C04F79EFBC}") = "StaffFileManager", "StaffFileManager\StaffFileManager.csproj", "{1FAC2E76-E10E-4EA4-B7D7-F99DB0AA3B20}"
EndProject
Global
	GlobalSection(SolutionConfigurationPlatforms) = preSolution
		Debug|Any CPU = Debug|Any CPU
		Release|Any CPU = Release|Any CPU
	EndGlobalSection
	GlobalSection(ProjectConfigurationPlatforms) = postSolution
		{606632BC-F17C-49E3-89F1-2CC36524D3DA}.Debug|Any CPU.ActiveCfg = Debug|Any CPU
		{606632BC-F17C-49E3-89F1-2CC36524D3DA}.Debug|Any CPU.Build.0 = Debug|Any CPU
		{606632BC-F17C-49E3-89F1-2CC36524D3DA}.Release|Any CPU.ActiveCfg = Release|Any CPU
		{606632BC-F17C-49E3-89F1-2CC36524D3DA}.Release|Any CPU.Build.0 = Release|Any CPU
		{1FAC2E76-E10E-4EA4-B7D7-F99DB0AA3B20}.Debug|Any CPU.ActiveCfg = Debug|Any CPU
		{1FAC2E76-E10E-4EA4-B7D7-F99DB0AA3B20}.Debug|Any CPU.Build.0 = Debug|Any CPU
		{1FAC2E76-E10E-4EA4-B7D7-F99DB0AA3B20}.Release|Any CPU.ActiveCfg = Release|Any CPU
		{1FAC2E76-E10E-4EA4-B7D7-F99DB0AA3B20}.Release|Any CPU.Build.0 = Release|Any CPU
	EndGlobalSection
	GlobalSection(SolutionProperties) = preSolution
		HideSolutionNode = FALSE
	EndGlobalSection
	GlobalSection(ExtensibilityGlobals) = postSolution
		SolutionGuid = {04052C98-94C6-40E9-9029-B639B160E8CF}
	EndGlobalSection
EndGlobal
